// !$*UTF8*$!
{
	archiveVersion = 1;
	classes = {
	};
	objectVersion = 56;
	objects = {

/* Begin PBXBuildFile section */
		3A2B206A2A1A1378006495AE /* NetworkManager.swift in Sources */ = {isa = PBXBuildFile; fileRef = 3A2B20692A1A1378006495AE /* NetworkManager.swift */; };
		3A2B206D2A1A13A1006495AE /* Alamofire in Frameworks */ = {isa = PBXBuildFile; productRef = 3A2B206C2A1A13A1006495AE /* Alamofire */; };
		3A2B20742A1A1BCB006495AE /* CountryWeather.swift in Sources */ = {isa = PBXBuildFile; fileRef = 3A2B20732A1A1BCB006495AE /* CountryWeather.swift */; };
		3ABD84A42A16A41D0074670E /* WeatherAppWithWeatherStackAPIApp.swift in Sources */ = {isa = PBXBuildFile; fileRef = 3ABD84A32A16A41D0074670E /* WeatherAppWithWeatherStackAPIApp.swift */; };
		3ABD84A62A16A41D0074670E /* ContentView.swift in Sources */ = {isa = PBXBuildFile; fileRef = 3ABD84A52A16A41D0074670E /* ContentView.swift */; };
		3ABD84A82A16A41E0074670E /* Assets.xcassets in Resources */ = {isa = PBXBuildFile; fileRef = 3ABD84A72A16A41E0074670E /* Assets.xcassets */; };
		3ABD84AB2A16A41E0074670E /* Preview Assets.xcassets in Resources */ = {isa = PBXBuildFile; fileRef = 3ABD84AA2A16A41E0074670E /* Preview Assets.xcassets */; };
		3ABD84B22A16A51A0074670E /* CityChooseView.swift in Sources */ = {isa = PBXBuildFile; fileRef = 3ABD84B12A16A51A0074670E /* CityChooseView.swift */; };
		3ABD84B42A16AB8F0074670E /* CitiesListView.swift in Sources */ = {isa = PBXBuildFile; fileRef = 3ABD84B32A16AB8F0074670E /* CitiesListView.swift */; };
		3ABD84B62A16B0020074670E /* CityWeatherView.swift in Sources */ = {isa = PBXBuildFile; fileRef = 3ABD84B52A16B0020074670E /* CityWeatherView.swift */; };
		3ABD84BA2A16B1790074670E /* Country.swift in Sources */ = {isa = PBXBuildFile; fileRef = 3ABD84B92A16B1790074670E /* Country.swift */; };
		3ABD84BC2A16B1FB0074670E /* DataStore.swift in Sources */ = {isa = PBXBuildFile; fileRef = 3ABD84BB2A16B1FB0074670E /* DataStore.swift */; };
/* End PBXBuildFile section */

/* Begin PBXFileReference section */
		3A2B20692A1A1378006495AE /* NetworkManager.swift */ = {isa = PBXFileReference; lastKnownFileType = sourcecode.swift; path = NetworkManager.swift; sourceTree = "<group>"; };
		3A2B20732A1A1BCB006495AE /* CountryWeather.swift */ = {isa = PBXFileReference; lastKnownFileType = sourcecode.swift; path = CountryWeather.swift; sourceTree = "<group>"; };
		3A2B20752A1A2985006495AE /* Info.plist */ = {isa = PBXFileReference; lastKnownFileType = text.plist; path = Info.plist; sourceTree = "<group>"; };
		3ABD84A02A16A41D0074670E /* WeatherAppWithWeatherStackAPI.app */ = {isa = PBXFileReference; explicitFileType = wrapper.application; includeInIndex = 0; path = WeatherAppWithWeatherStackAPI.app; sourceTree = BUILT_PRODUCTS_DIR; };
		3ABD84A32A16A41D0074670E /* WeatherAppWithWeatherStackAPIApp.swift */ = {isa = PBXFileReference; lastKnownFileType = sourcecode.swift; path = WeatherAppWithWeatherStackAPIApp.swift; sourceTree = "<group>"; };
		3ABD84A52A16A41D0074670E /* ContentView.swift */ = {isa = PBXFileReference; lastKnownFileType = sourcecode.swift; path = ContentView.swift; sourceTree = "<group>"; };
		3ABD84A72A16A41E0074670E /* Assets.xcassets */ = {isa = PBXFileReference; lastKnownFileType = folder.assetcatalog; path = Assets.xcassets; sourceTree = "<group>"; };
		3ABD84AA2A16A41E0074670E /* Preview Assets.xcassets */ = {isa = PBXFileReference; lastKnownFileType = folder.assetcatalog; path = "Preview Assets.xcassets"; sourceTree = "<group>"; };
		3ABD84B12A16A51A0074670E /* CityChooseView.swift */ = {isa = PBXFileReference; lastKnownFileType = sourcecode.swift; path = CityChooseView.swift; sourceTree = "<group>"; };
		3ABD84B32A16AB8F0074670E /* CitiesListView.swift */ = {isa = PBXFileReference; lastKnownFileType = sourcecode.swift; path = CitiesListView.swift; sourceTree = "<group>"; };
		3ABD84B52A16B0020074670E /* CityWeatherView.swift */ = {isa = PBXFileReference; lastKnownFileType = sourcecode.swift; path = CityWeatherView.swift; sourceTree = "<group>"; };
		3ABD84B92A16B1790074670E /* Country.swift */ = {isa = PBXFileReference; lastKnownFileType = sourcecode.swift; path = Country.swift; sourceTree = "<group>"; };
		3ABD84BB2A16B1FB0074670E /* DataStore.swift */ = {isa = PBXFileReference; lastKnownFileType = sourcecode.swift; path = DataStore.swift; sourceTree = "<group>"; };
/* End PBXFileReference section */

/* Begin PBXFrameworksBuildPhase section */
		3ABD849D2A16A41D0074670E /* Frameworks */ = {
			isa = PBXFrameworksBuildPhase;
			buildActionMask = 2147483647;
			files = (
				3A2B206D2A1A13A1006495AE /* Alamofire in Frameworks */,
			);
			runOnlyForDeploymentPostprocessing = 0;
		};
/* End PBXFrameworksBuildPhase section */

/* Begin PBXGroup section */
		3A2B206E2A1A13B0006495AE /* Services */ = {
			isa = PBXGroup;
			children = (
				3ABD84BB2A16B1FB0074670E /* DataStore.swift */,
				3A2B20692A1A1378006495AE /* NetworkManager.swift */,
			);
			path = Services;
			sourceTree = "<group>";
		};
		3A2B206F2A1A13C6006495AE /* Models */ = {
			isa = PBXGroup;
			children = (
				3ABD84B92A16B1790074670E /* Country.swift */,
				3A2B20732A1A1BCB006495AE /* CountryWeather.swift */,
			);
			path = Models;
			sourceTree = "<group>";
		};
		3A2B20702A1A1421006495AE /* Source */ = {
			isa = PBXGroup;
			children = (
				3ABD84A72A16A41E0074670E /* Assets.xcassets */,
			);
			path = Source;
			sourceTree = "<group>";
		};
		3A2B20722A1A145E006495AE /* Views */ = {
			isa = PBXGroup;
			children = (
				3ABD84A32A16A41D0074670E /* WeatherAppWithWeatherStackAPIApp.swift */,
				3ABD84A52A16A41D0074670E /* ContentView.swift */,
				3ABD84B12A16A51A0074670E /* CityChooseView.swift */,
				3ABD84B32A16AB8F0074670E /* CitiesListView.swift */,
				3ABD84B52A16B0020074670E /* CityWeatherView.swift */,
			);
			path = Views;
			sourceTree = "<group>";
		};
		3ABD84972A16A41D0074670E = {
			isa = PBXGroup;
			children = (
				3ABD84A22A16A41D0074670E /* WeatherAppWithWeatherStackAPI */,
				3ABD84A12A16A41D0074670E /* Products */,
			);
			sourceTree = "<group>";
		};
		3ABD84A12A16A41D0074670E /* Products */ = {
			isa = PBXGroup;
			children = (
				3ABD84A02A16A41D0074670E /* WeatherAppWithWeatherStackAPI.app */,
			);
			name = Products;
			sourceTree = "<group>";
		};
		3ABD84A22A16A41D0074670E /* WeatherAppWithWeatherStackAPI */ = {
			isa = PBXGroup;
			children = (
				3A2B20752A1A2985006495AE /* Info.plist */,
				3A2B20722A1A145E006495AE /* Views */,
				3A2B206F2A1A13C6006495AE /* Models */,
				3A2B206E2A1A13B0006495AE /* Services */,
				3A2B20702A1A1421006495AE /* Source */,
				3ABD84A92A16A41E0074670E /* Preview Content */,
			);
			path = WeatherAppWithWeatherStackAPI;
			sourceTree = "<group>";
		};
		3ABD84A92A16A41E0074670E /* Preview Content */ = {
			isa = PBXGroup;
			children = (
				3ABD84AA2A16A41E0074670E /* Preview Assets.xcassets */,
			);
			path = "Preview Content";
			sourceTree = "<group>";
		};
/* End PBXGroup section */

/* Begin PBXNativeTarget section */
		3ABD849F2A16A41D0074670E /* WeatherAppWithWeatherStackAPI */ = {
			isa = PBXNativeTarget;
			buildConfigurationList = 3ABD84AE2A16A41E0074670E /* Build configuration list for PBXNativeTarget "WeatherAppWithWeatherStackAPI" */;
			buildPhases = (
				3ABD849C2A16A41D0074670E /* Sources */,
				3ABD849D2A16A41D0074670E /* Frameworks */,
				3ABD849E2A16A41D0074670E /* Resources */,
			);
			buildRules = (
			);
			dependencies = (
			);
			name = WeatherAppWithWeatherStackAPI;
			packageProductDependencies = (
				3A2B206C2A1A13A1006495AE /* Alamofire */,
			);
			productName = WeatherAppWithWeatherStackAPI;
			productReference = 3ABD84A02A16A41D0074670E /* WeatherAppWithWeatherStackAPI.app */;
			productType = "com.apple.product-type.application";
		};
/* End PBXNativeTarget section */

/* Begin PBXProject section */
		3ABD84982A16A41D0074670E /* Project object */ = {
			isa = PBXProject;
			attributes = {
				BuildIndependentTargetsInParallel = 1;
				LastSwiftUpdateCheck = 1420;
				LastUpgradeCheck = 1420;
				TargetAttributes = {
					3ABD849F2A16A41D0074670E = {
						CreatedOnToolsVersion = 14.2;
					};
				};
			};
			buildConfigurationList = 3ABD849B2A16A41D0074670E /* Build configuration list for PBXProject "WeatherAppWithWeatherStackAPI" */;
			compatibilityVersion = "Xcode 14.0";
			developmentRegion = en;
			hasScannedForEncodings = 0;
			knownRegions = (
				en,
				Base,
			);
			mainGroup = 3ABD84972A16A41D0074670E;
			packageReferences = (
				3A2B206B2A1A13A1006495AE /* XCRemoteSwiftPackageReference "Alamofire" */,
			);
			productRefGroup = 3ABD84A12A16A41D0074670E /* Products */;
			projectDirPath = "";
			projectRoot = "";
			targets = (
				3ABD849F2A16A41D0074670E /* WeatherAppWithWeatherStackAPI */,
			);
		};
/* End PBXProject section */

/* Begin PBXResourcesBuildPhase section */
		3ABD849E2A16A41D0074670E /* Resources */ = {
			isa = PBXResourcesBuildPhase;
			buildActionMask = 2147483647;
			files = (
				3ABD84AB2A16A41E0074670E /* Preview Assets.xcassets in Resources */,
				3ABD84A82A16A41E0074670E /* Assets.xcassets in Resources */,
			);
			runOnlyForDeploymentPostprocessing = 0;
		};
/* End PBXResourcesBuildPhase section */

/* Begin PBXSourcesBuildPhase section */
		3ABD849C2A16A41D0074670E /* Sources */ = {
			isa = PBXSourcesBuildPhase;
			buildActionMask = 2147483647;
			files = (
				3ABD84BC2A16B1FB0074670E /* DataStore.swift in Sources */,
				3ABD84A62A16A41D0074670E /* ContentView.swift in Sources */,
				3A2B20742A1A1BCB006495AE /* CountryWeather.swift in Sources */,
				3ABD84A42A16A41D0074670E /* WeatherAppWithWeatherStackAPIApp.swift in Sources */,
				3ABD84B22A16A51A0074670E /* CityChooseView.swift in Sources */,
				3A2B206A2A1A1378006495AE /* NetworkManager.swift in Sources */,
				3ABD84B42A16AB8F0074670E /* CitiesListView.swift in Sources */,
				3ABD84BA2A16B1790074670E /* Country.swift in Sources */,
				3ABD84B62A16B0020074670E /* CityWeatherView.swift in Sources */,
			);
			runOnlyForDeploymentPostprocessing = 0;
		};
/* End PBXSourcesBuildPhase section */

/* Begin XCBuildConfiguration section */
		3ABD84AC2A16A41E0074670E /* Debug */ = {
			isa = XCBuildConfiguration;
			buildSettings = {
				ALWAYS_SEARCH_USER_PATHS = NO;
				CLANG_ANALYZER_NONNULL = YES;
				CLANG_ANALYZER_NUMBER_OBJECT_CONVERSION = YES_AGGRESSIVE;
				CLANG_CXX_LANGUAGE_STANDARD = "gnu++20";
				CLANG_ENABLE_MODULES = YES;
				CLANG_ENABLE_OBJC_ARC = YES;
				CLANG_ENABLE_OBJC_WEAK = YES;
				CLANG_WARN_BLOCK_CAPTURE_AUTORELEASING = YES;
				CLANG_WARN_BOOL_CONVERSION = YES;
				CLANG_WARN_COMMA = YES;
				CLANG_WARN_CONSTANT_CONVERSION = YES;
				CLANG_WARN_DEPRECATED_OBJC_IMPLEMENTATIONS = YES;
				CLANG_WARN_DIRECT_OBJC_ISA_USAGE = YES_ERROR;
				CLANG_WARN_DOCUMENTATION_COMMENTS = YES;
				CLANG_WARN_EMPTY_BODY = YES;
				CLANG_WARN_ENUM_CONVERSION = YES;
				CLANG_WARN_INFINITE_RECURSION = YES;
				CLANG_WARN_INT_CONVERSION = YES;
				CLANG_WARN_NON_LITERAL_NULL_CONVERSION = YES;
				CLANG_WARN_OBJC_IMPLICIT_RETAIN_SELF = YES;
				CLANG_WARN_OBJC_LITERAL_CONVERSION = YES;
				CLANG_WARN_OBJC_ROOT_CLASS = YES_ERROR;
				CLANG_WARN_QUOTED_INCLUDE_IN_FRAMEWORK_HEADER = YES;
				CLANG_WARN_RANGE_LOOP_ANALYSIS = YES;
				CLANG_WARN_STRICT_PROTOTYPES = YES;
				CLANG_WARN_SUSPICIOUS_MOVE = YES;
				CLANG_WARN_UNGUARDED_AVAILABILITY = YES_AGGRESSIVE;
				CLANG_WARN_UNREACHABLE_CODE = YES;
				CLANG_WARN__DUPLICATE_METHOD_MATCH = YES;
				COPY_PHASE_STRIP = NO;
				DEBUG_INFORMATION_FORMAT = dwarf;
				ENABLE_STRICT_OBJC_MSGSEND = YES;
				ENABLE_TESTABILITY = YES;
				GCC_C_LANGUAGE_STANDARD = gnu11;
				GCC_DYNAMIC_NO_PIC = NO;
				GCC_NO_COMMON_BLOCKS = YES;
				GCC_OPTIMIZATION_LEVEL = 0;
				GCC_PREPROCESSOR_DEFINITIONS = (
					"DEBUG=1",
					"$(inherited)",
				);
				GCC_WARN_64_TO_32_BIT_CONVERSION = YES;
				GCC_WARN_ABOUT_RETURN_TYPE = YES_ERROR;
				GCC_WARN_UNDECLARED_SELECTOR = YES;
				GCC_WARN_UNINITIALIZED_AUTOS = YES_AGGRESSIVE;
				GCC_WARN_UNUSED_FUNCTION = YES;
				GCC_WARN_UNUSED_VARIABLE = YES;
				IPHONEOS_DEPLOYMENT_TARGET = 16.2;
				MTL_ENABLE_DEBUG_INFO = INCLUDE_SOURCE;
				MTL_FAST_MATH = YES;
				ONLY_ACTIVE_ARCH = YES;
				SDKROOT = iphoneos;
				SWIFT_ACTIVE_COMPILATION_CONDITIONS = DEBUG;
				SWIFT_OPTIMIZATION_LEVEL = "-Onone";
			};
			name = Debug;
		};
		3ABD84AD2A16A41E0074670E /* Release */ = {
			isa = XCBuildConfiguration;
			buildSettings = {
				ALWAYS_SEARCH_USER_PATHS = NO;
				CLANG_ANALYZER_NONNULL = YES;
				CLANG_ANALYZER_NUMBER_OBJECT_CONVERSION = YES_AGGRESSIVE;
				CLANG_CXX_LANGUAGE_STANDARD = "gnu++20";
				CLANG_ENABLE_MODULES = YES;
				CLANG_ENABLE_OBJC_ARC = YES;
				CLANG_ENABLE_OBJC_WEAK = YES;
				CLANG_WARN_BLOCK_CAPTURE_AUTORELEASING = YES;
				CLANG_WARN_BOOL_CONVERSION = YES;
				CLANG_WARN_COMMA = YES;
				CLANG_WARN_CONSTANT_CONVERSION = YES;
				CLANG_WARN_DEPRECATED_OBJC_IMPLEMENTATIONS = YES;
				CLANG_WARN_DIRECT_OBJC_ISA_USAGE = YES_ERROR;
				CLANG_WARN_DOCUMENTATION_COMMENTS = YES;
				CLANG_WARN_EMPTY_BODY = YES;
				CLANG_WARN_ENUM_CONVERSION = YES;
				CLANG_WARN_INFINITE_RECURSION = YES;
				CLANG_WARN_INT_CONVERSION = YES;
				CLANG_WARN_NON_LITERAL_NULL_CONVERSION = YES;
				CLANG_WARN_OBJC_IMPLICIT_RETAIN_SELF = YES;
				CLANG_WARN_OBJC_LITERAL_CONVERSION = YES;
				CLANG_WARN_OBJC_ROOT_CLASS = YES_ERROR;
				CLANG_WARN_QUOTED_INCLUDE_IN_FRAMEWORK_HEADER = YES;
				CLANG_WARN_RANGE_LOOP_ANALYSIS = YES;
				CLANG_WARN_STRICT_PROTOTYPES = YES;
				CLANG_WARN_SUSPICIOUS_MOVE = YES;
				CLANG_WARN_UNGUARDED_AVAILABILITY = YES_AGGRESSIVE;
				CLANG_WARN_UNREACHABLE_CODE = YES;
				CLANG_WARN__DUPLICATE_METHOD_MATCH = YES;
				COPY_PHASE_STRIP = NO;
				DEBUG_INFORMATION_FORMAT = "dwarf-with-dsym";
				ENABLE_NS_ASSERTIONS = NO;
				ENABLE_STRICT_OBJC_MSGSEND = YES;
				GCC_C_LANGUAGE_STANDARD = gnu11;
				GCC_NO_COMMON_BLOCKS = YES;
				GCC_WARN_64_TO_32_BIT_CONVERSION = YES;
				GCC_WARN_ABOUT_RETURN_TYPE = YES_ERROR;
				GCC_WARN_UNDECLARED_SELECTOR = YES;
				GCC_WARN_UNINITIALIZED_AUTOS = YES_AGGRESSIVE;
				GCC_WARN_UNUSED_FUNCTION = YES;
				GCC_WARN_UNUSED_VARIABLE = YES;
				IPHONEOS_DEPLOYMENT_TARGET = 16.2;
				MTL_ENABLE_DEBUG_INFO = NO;
				MTL_FAST_MATH = YES;
				SDKROOT = iphoneos;
				SWIFT_COMPILATION_MODE = wholemodule;
				SWIFT_OPTIMIZATION_LEVEL = "-O";
				VALIDATE_PRODUCT = YES;
			};
			name = Release;
		};
		3ABD84AF2A16A41E0074670E /* Debug */ = {
			isa = XCBuildConfiguration;
			buildSettings = {
				ASSETCATALOG_COMPILER_APPICON_NAME = AppIcon;
				ASSETCATALOG_COMPILER_GLOBAL_ACCENT_COLOR_NAME = AccentColor;
				CODE_SIGN_STYLE = Automatic;
				CURRENT_PROJECT_VERSION = 1;
				DEVELOPMENT_ASSET_PATHS = "\"WeatherAppWithWeatherStackAPI/Preview Content\"";
				DEVELOPMENT_TEAM = 8HP4B7768D;
				ENABLE_PREVIEWS = YES;
				GENERATE_INFOPLIST_FILE = YES;
				INFOPLIST_FILE = WeatherAppWithWeatherStackAPI/Info.plist;
				INFOPLIST_KEY_UIApplicationSceneManifest_Generation = YES;
				INFOPLIST_KEY_UIApplicationSupportsIndirectInputEvents = YES;
				INFOPLIST_KEY_UILaunchScreen_Generation = YES;
				INFOPLIST_KEY_UISupportedInterfaceOrientations = UIInterfaceOrientationPortrait;
				INFOPLIST_KEY_UISupportedInterfaceOrientations_iPad = "UIInterfaceOrientationLandscapeLeft UIInterfaceOrientationLandscapeRight UIInterfaceOrientationPortrait UIInterfaceOrientationPortraitUpsideDown";
				IPHONEOS_DEPLOYMENT_TARGET = 16.0;
				LD_RUNPATH_SEARCH_PATHS = (
					"$(inherited)",
					"@executable_path/Frameworks",
				);
				MARKETING_VERSION = 1.0;
				PRODUCT_BUNDLE_IDENTIFIER = com.Kamalios.WeatherAppWithWeatherStackAPI;
				PRODUCT_NAME = "$(TARGET_NAME)";
				SUPPORTED_PLATFORMS = "iphoneos iphonesimulator";
				SUPPORTS_MACCATALYST = NO;
				SUPPORTS_MAC_DESIGNED_FOR_IPHONE_IPAD = NO;
				SWIFT_EMIT_LOC_STRINGS = YES;
				SWIFT_VERSION = 5.0;
				TARGETED_DEVICE_FAMILY = 1;
			};
			name = Debug;
		};
		3ABD84B02A16A41E0074670E /* Release */ = {
			isa = XCBuildConfiguration;
			buildSettings = {
				ASSETCATALOG_COMPILER_APPICON_NAME = AppIcon;
				ASSETCATALOG_COMPILER_GLOBAL_ACCENT_COLOR_NAME = AccentColor;
				CODE_SIGN_STYLE = Automatic;
				CURRENT_PROJECT_VERSION = 1;
				DEVELOPMENT_ASSET_PATHS = "\"WeatherAppWithWeatherStackAPI/Preview Content\"";
				DEVELOPMENT_TEAM = 8HP4B7768D;
				ENABLE_PREVIEWS = YES;
				GENERATE_INFOPLIST_FILE = YES;
				INFOPLIST_FILE = WeatherAppWithWeatherStackAPI/Info.plist;
				INFOPLIST_KEY_UIApplicationSceneManifest_Generation = YES;
				INFOPLIST_KEY_UIApplicationSupportsIndirectInputEvents = YES;
				INFOPLIST_KEY_UILaunchScreen_Generation = YES;
				INFOPLIST_KEY_UISupportedInterfaceOrientations = UIInterfaceOrientationPortrait;
				INFOPLIST_KEY_UISupportedInterfaceOrientations_iPad = "UIInterfaceOrientationLandscapeLeft UIInterfaceOrientationLandscapeRight UIInterfaceOrientationPortrait UIInterfaceOrientationPortraitUpsideDown";
				IPHONEOS_DEPLOYMENT_TARGET = 16.0;
				LD_RUNPATH_SEARCH_PATHS = (
					"$(inherited)",
					"@executable_path/Frameworks",
				);
				MARKETING_VERSION = 1.0;
				PRODUCT_BUNDLE_IDENTIFIER = com.Kamalios.WeatherAppWithWeatherStackAPI;
				PRODUCT_NAME = "$(TARGET_NAME)";
				SUPPORTED_PLATFORMS = "iphoneos iphonesimulator";
				SUPPORTS_MACCATALYST = NO;
				SUPPORTS_MAC_DESIGNED_FOR_IPHONE_IPAD = NO;
				SWIFT_EMIT_LOC_STRINGS = YES;
				SWIFT_VERSION = 5.0;
				TARGETED_DEVICE_FAMILY = 1;
			};
			name = Release;
		};
/* End XCBuildConfiguration section */

/* Begin XCConfigurationList section */
		3ABD849B2A16A41D0074670E /* Build configuration list for PBXProject "WeatherAppWithWeatherStackAPI" */ = {
			isa = XCConfigurationList;
			buildConfigurations = (
				3ABD84AC2A16A41E0074670E /* Debug */,
				3ABD84AD2A16A41E0074670E /* Release */,
			);
			defaultConfigurationIsVisible = 0;
			defaultConfigurationName = Release;
		};
		3ABD84AE2A16A41E0074670E /* Build configuration list for PBXNativeTarget "WeatherAppWithWeatherStackAPI" */ = {
			isa = XCConfigurationList;
			buildConfigurations = (
				3ABD84AF2A16A41E0074670E /* Debug */,
				3ABD84B02A16A41E0074670E /* Release */,
			);
			defaultConfigurationIsVisible = 0;
			defaultConfigurationName = Release;
		};
/* End XCConfigurationList section */

/* Begin XCRemoteSwiftPackageReference section */
		3A2B206B2A1A13A1006495AE /* XCRemoteSwiftPackageReference "Alamofire" */ = {
			isa = XCRemoteSwiftPackageReference;
			repositoryURL = "https://github.com/Alamofire/Alamofire.git";
			requirement = {
				kind = upToNextMajorVersion;
				minimumVersion = 5.0.0;
			};
		};
/* End XCRemoteSwiftPackageReference section */

/* Begin XCSwiftPackageProductDependency section */
		3A2B206C2A1A13A1006495AE /* Alamofire */ = {
			isa = XCSwiftPackageProductDependency;
			package = 3A2B206B2A1A13A1006495AE /* XCRemoteSwiftPackageReference "Alamofire" */;
			productName = Alamofire;
		};
/* End XCSwiftPackageProductDependency section */
	};
	rootObject = 3ABD84982A16A41D0074670E /* Project object */;
}
